PODS:
  - SMTableView (2.3.8):
    - UITableView+FDTemplateLayoutCell (~> 1.3)
  - UITableView+FDTemplateLayoutCell (1.6)
  - ZipArchive (1.4.0)

DEPENDENCIES:
  - SMTableView
  - ZipArchive

SPEC CHECKSUMS:
  SMTableView: 9c479efbadc79ccc11c327458214029bc2b45b57
  UITableView+FDTemplateLayoutCell: 5c949b4a5059c404b442926c0e80f81d10a2d66f
  ZipArchive: e25a4373192673e3229ac8d6e9f64a3e5713c966

PODFILE CHECKSUM: ca5bae3f29e363b26b516b372059c172e01f959b

COCOAPODS: 1.2.0.beta.3
